
Microsoft Visual Studio Solution File, Format Version 12.00
# Visual Studio 15
VisualStudioVersion = 15.0.27130.2003
MinimumVisualStudioVersion = 10.0.40219.1
Project("{FAE04EC0-301F-11D3-BF4B-00C04F79EFBC}") = "eKnjiznica.API", "eKnjiznica.API\eKnjiznica.API.csproj", "{E3280D4C-8B66-4651-AB73-40D36BA1A11F}"
EndProject
Project("{FAE04EC0-301F-11D3-BF4B-00C04F79EFBC}") = "eKnjiznica.DAL", "eKnjiznica.DAL\eKnjiznica.DAL.csproj", "{D19342F6-5FBB-4B84-B50A-3D22E7446C66}"
EndProject
Project("{FAE04EC0-301F-11D3-BF4B-00C04F79EFBC}") = "eKnjiznica.CORE", "eKnjiznica.CORE\eKnjiznica.CORE.csproj", "{19443852-6D83-415E-A4DC-144FD3D9B156}"
EndProject
Project("{FAE04EC0-301F-11D3-BF4B-00C04F79EFBC}") = "eKnjiznica.AdminUI", "eKnjiznica.AdminUI\eKnjiznica.AdminUI.csproj", "{C724326E-E411-4F18-87B6-7F47E1A53802}"
EndProject
Project("{2150E333-8FDC-42A3-9474-1A3956D46DE8}") = "Solution Items", "Solution Items", "{3CCC84BC-940E-4182-8701-F35DB63DECAC}"
	ProjectSection(SolutionItems) = preProject
		ConnectionStrings.config = ConnectionStrings.config
	EndProjectSection
EndProject
Project("{FAE04EC0-301F-11D3-BF4B-00C04F79EFBC}") = "eKnjiznica.Commons", "eKnjiznica.Commons\eKnjiznica.Commons.csproj", "{2DD83231-71CD-4312-AFCD-3CC53E9A6A0B}"
EndProject
Global
	GlobalSection(SolutionConfigurationPlatforms) = preSolution
		Ad-Hoc|Any CPU = Ad-Hoc|Any CPU
		Ad-Hoc|ARM = Ad-Hoc|ARM
		Ad-Hoc|iPhone = Ad-Hoc|iPhone
		Ad-Hoc|iPhoneSimulator = Ad-Hoc|iPhoneSimulator
		Ad-Hoc|x64 = Ad-Hoc|x64
		Ad-Hoc|x86 = Ad-Hoc|x86
		AppStore|Any CPU = AppStore|Any CPU
		AppStore|ARM = AppStore|ARM
		AppStore|iPhone = AppStore|iPhone
		AppStore|iPhoneSimulator = AppStore|iPhoneSimulator
		AppStore|x64 = AppStore|x64
		AppStore|x86 = AppStore|x86
		Debug|Any CPU = Debug|Any CPU
		Debug|ARM = Debug|ARM
		Debug|iPhone = Debug|iPhone
		Debug|iPhoneSimulator = Debug|iPhoneSimulator
		Debug|x64 = Debug|x64
		Debug|x86 = Debug|x86
		Release|Any CPU = Release|Any CPU
		Release|ARM = Release|ARM
		Release|iPhone = Release|iPhone
		Release|iPhoneSimulator = Release|iPhoneSimulator
		Release|x64 = Release|x64
		Release|x86 = Release|x86
	EndGlobalSection
	GlobalSection(ProjectConfigurationPlatforms) = postSolution
		{E3280D4C-8B66-4651-AB73-40D36BA1A11F}.Ad-Hoc|Any CPU.ActiveCfg = Release|Any CPU
		{E3280D4C-8B66-4651-AB73-40D36BA1A11F}.Ad-Hoc|Any CPU.Build.0 = Release|Any CPU
		{E3280D4C-8B66-4651-AB73-40D36BA1A11F}.Ad-Hoc|ARM.ActiveCfg = Release|Any CPU
		{E3280D4C-8B66-4651-AB73-40D36BA1A11F}.Ad-Hoc|ARM.Build.0 = Release|Any CPU
		{E3280D4C-8B66-4651-AB73-40D36BA1A11F}.Ad-Hoc|iPhone.ActiveCfg = Release|Any CPU
		{E3280D4C-8B66-4651-AB73-40D36BA1A11F}.Ad-Hoc|iPhone.Build.0 = Release|Any CPU
		{E3280D4C-8B66-4651-AB73-40D36BA1A11F}.Ad-Hoc|iPhoneSimulator.ActiveCfg = Release|Any CPU
		{E3280D4C-8B66-4651-AB73-40D36BA1A11F}.Ad-Hoc|iPhoneSimulator.Build.0 = Release|Any CPU
		{E3280D4C-8B66-4651-AB73-40D36BA1A11F}.Ad-Hoc|x64.ActiveCfg = Release|Any CPU
		{E3280D4C-8B66-4651-AB73-40D36BA1A11F}.Ad-Hoc|x64.Build.0 = Release|Any CPU
		{E3280D4C-8B66-4651-AB73-40D36BA1A11F}.Ad-Hoc|x86.ActiveCfg = Release|Any CPU
		{E3280D4C-8B66-4651-AB73-40D36BA1A11F}.Ad-Hoc|x86.Build.0 = Release|Any CPU
		{E3280D4C-8B66-4651-AB73-40D36BA1A11F}.AppStore|Any CPU.ActiveCfg = Release|Any CPU
		{E3280D4C-8B66-4651-AB73-40D36BA1A11F}.AppStore|Any CPU.Build.0 = Release|Any CPU
		{E3280D4C-8B66-4651-AB73-40D36BA1A11F}.AppStore|ARM.ActiveCfg = Release|Any CPU
		{E3280D4C-8B66-4651-AB73-40D36BA1A11F}.AppStore|ARM.Build.0 = Release|Any CPU
		{E3280D4C-8B66-4651-AB73-40D36BA1A11F}.AppStore|iPhone.ActiveCfg = Release|Any CPU
		{E3280D4C-8B66-4651-AB73-40D36BA1A11F}.AppStore|iPhone.Build.0 = Release|Any CPU
		{E3280D4C-8B66-4651-AB73-40D36BA1A11F}.AppStore|iPhoneSimulator.ActiveCfg = Release|Any CPU
		{E3280D4C-8B66-4651-AB73-40D36BA1A11F}.AppStore|iPhoneSimulator.Build.0 = Release|Any CPU
		{E3280D4C-8B66-4651-AB73-40D36BA1A11F}.AppStore|x64.ActiveCfg = Release|Any CPU
		{E3280D4C-8B66-4651-AB73-40D36BA1A11F}.AppStore|x64.Build.0 = Release|Any CPU
		{E3280D4C-8B66-4651-AB73-40D36BA1A11F}.AppStore|x86.ActiveCfg = Release|Any CPU
		{E3280D4C-8B66-4651-AB73-40D36BA1A11F}.AppStore|x86.Build.0 = Release|Any CPU
		{E3280D4C-8B66-4651-AB73-40D36BA1A11F}.Debug|Any CPU.ActiveCfg = Debug|Any CPU
		{E3280D4C-8B66-4651-AB73-40D36BA1A11F}.Debug|Any CPU.Build.0 = Debug|Any CPU
		{E3280D4C-8B66-4651-AB73-40D36BA1A11F}.Debug|ARM.ActiveCfg = Debug|Any CPU
		{E3280D4C-8B66-4651-AB73-40D36BA1A11F}.Debug|ARM.Build.0 = Debug|Any CPU
		{E3280D4C-8B66-4651-AB73-40D36BA1A11F}.Debug|iPhone.ActiveCfg = Debug|Any CPU
		{E3280D4C-8B66-4651-AB73-40D36BA1A11F}.Debug|iPhone.Build.0 = Debug|Any CPU
		{E3280D4C-8B66-4651-AB73-40D36BA1A11F}.Debug|iPhoneSimulator.ActiveCfg = Debug|Any CPU
		{E3280D4C-8B66-4651-AB73-40D36BA1A11F}.Debug|iPhoneSimulator.Build.0 = Debug|Any CPU
		{E3280D4C-8B66-4651-AB73-40D36BA1A11F}.Debug|x64.ActiveCfg = Debug|Any CPU
		{E3280D4C-8B66-4651-AB73-40D36BA1A11F}.Debug|x64.Build.0 = Debug|Any CPU
		{E3280D4C-8B66-4651-AB73-40D36BA1A11F}.Debug|x86.ActiveCfg = Debug|Any CPU
		{E3280D4C-8B66-4651-AB73-40D36BA1A11F}.Debug|x86.Build.0 = Debug|Any CPU
		{E3280D4C-8B66-4651-AB73-40D36BA1A11F}.Release|Any CPU.ActiveCfg = Release|Any CPU
		{E3280D4C-8B66-4651-AB73-40D36BA1A11F}.Release|Any CPU.Build.0 = Release|Any CPU
		{E3280D4C-8B66-4651-AB73-40D36BA1A11F}.Release|ARM.ActiveCfg = Release|Any CPU
		{E3280D4C-8B66-4651-AB73-40D36BA1A11F}.Release|ARM.Build.0 = Release|Any CPU
		{E3280D4C-8B66-4651-AB73-40D36BA1A11F}.Release|iPhone.ActiveCfg = Release|Any CPU
		{E3280D4C-8B66-4651-AB73-40D36BA1A11F}.Release|iPhone.Build.0 = Release|Any CPU
		{E3280D4C-8B66-4651-AB73-40D36BA1A11F}.Release|iPhoneSimulator.ActiveCfg = Release|Any CPU
		{E3280D4C-8B66-4651-AB73-40D36BA1A11F}.Release|iPhoneSimulator.Build.0 = Release|Any CPU
		{E3280D4C-8B66-4651-AB73-40D36BA1A11F}.Release|x64.ActiveCfg = Release|Any CPU
		{E3280D4C-8B66-4651-AB73-40D36BA1A11F}.Release|x64.Build.0 = Release|Any CPU
		{E3280D4C-8B66-4651-AB73-40D36BA1A11F}.Release|x86.ActiveCfg = Release|Any CPU
		{E3280D4C-8B66-4651-AB73-40D36BA1A11F}.Release|x86.Build.0 = Release|Any CPU
		{D19342F6-5FBB-4B84-B50A-3D22E7446C66}.Ad-Hoc|Any CPU.ActiveCfg = Release|Any CPU
		{D19342F6-5FBB-4B84-B50A-3D22E7446C66}.Ad-Hoc|Any CPU.Build.0 = Release|Any CPU
		{D19342F6-5FBB-4B84-B50A-3D22E7446C66}.Ad-Hoc|ARM.ActiveCfg = Release|Any CPU
		{D19342F6-5FBB-4B84-B50A-3D22E7446C66}.Ad-Hoc|ARM.Build.0 = Release|Any CPU
		{D19342F6-5FBB-4B84-B50A-3D22E7446C66}.Ad-Hoc|iPhone.ActiveCfg = Release|Any CPU
		{D19342F6-5FBB-4B84-B50A-3D22E7446C66}.Ad-Hoc|iPhone.Build.0 = Release|Any CPU
		{D19342F6-5FBB-4B84-B50A-3D22E7446C66}.Ad-Hoc|iPhoneSimulator.ActiveCfg = Release|Any CPU
		{D19342F6-5FBB-4B84-B50A-3D22E7446C66}.Ad-Hoc|iPhoneSimulator.Build.0 = Release|Any CPU
		{D19342F6-5FBB-4B84-B50A-3D22E7446C66}.Ad-Hoc|x64.ActiveCfg = Release|Any CPU
		{D19342F6-5FBB-4B84-B50A-3D22E7446C66}.Ad-Hoc|x64.Build.0 = Release|Any CPU
		{D19342F6-5FBB-4B84-B50A-3D22E7446C66}.Ad-Hoc|x86.ActiveCfg = Release|Any CPU
		{D19342F6-5FBB-4B84-B50A-3D22E7446C66}.Ad-Hoc|x86.Build.0 = Release|Any CPU
		{D19342F6-5FBB-4B84-B50A-3D22E7446C66}.AppStore|Any CPU.ActiveCfg = Release|Any CPU
		{D19342F6-5FBB-4B84-B50A-3D22E7446C66}.AppStore|Any CPU.Build.0 = Release|Any CPU
		{D19342F6-5FBB-4B84-B50A-3D22E7446C66}.AppStore|ARM.ActiveCfg = Release|Any CPU
		{D19342F6-5FBB-4B84-B50A-3D22E7446C66}.AppStore|ARM.Build.0 = Release|Any CPU
		{D19342F6-5FBB-4B84-B50A-3D22E7446C66}.AppStore|iPhone.ActiveCfg = Release|Any CPU
		{D19342F6-5FBB-4B84-B50A-3D22E7446C66}.AppStore|iPhone.Build.0 = Release|Any CPU
		{D19342F6-5FBB-4B84-B50A-3D22E7446C66}.AppStore|iPhoneSimulator.ActiveCfg = Release|Any CPU
		{D19342F6-5FBB-4B84-B50A-3D22E7446C66}.AppStore|iPhoneSimulator.Build.0 = Release|Any CPU
		{D19342F6-5FBB-4B84-B50A-3D22E7446C66}.AppStore|x64.ActiveCfg = Release|Any CPU
		{D19342F6-5FBB-4B84-B50A-3D22E7446C66}.AppStore|x64.Build.0 = Release|Any CPU
		{D19342F6-5FBB-4B84-B50A-3D22E7446C66}.AppStore|x86.ActiveCfg = Release|Any CPU
		{D19342F6-5FBB-4B84-B50A-3D22E7446C66}.AppStore|x86.Build.0 = Release|Any CPU
		{D19342F6-5FBB-4B84-B50A-3D22E7446C66}.Debug|Any CPU.ActiveCfg = Debug|Any CPU
		{D19342F6-5FBB-4B84-B50A-3D22E7446C66}.Debug|Any CPU.Build.0 = Debug|Any CPU
		{D19342F6-5FBB-4B84-B50A-3D22E7446C66}.Debug|ARM.ActiveCfg = Debug|Any CPU
		{D19342F6-5FBB-4B84-B50A-3D22E7446C66}.Debug|ARM.Build.0 = Debug|Any CPU
		{D19342F6-5FBB-4B84-B50A-3D22E7446C66}.Debug|iPhone.ActiveCfg = Debug|Any CPU
		{D19342F6-5FBB-4B84-B50A-3D22E7446C66}.Debug|iPhone.Build.0 = Debug|Any CPU
		{D19342F6-5FBB-4B84-B50A-3D22E7446C66}.Debug|iPhoneSimulator.ActiveCfg = Debug|Any CPU
		{D19342F6-5FBB-4B84-B50A-3D22E7446C66}.Debug|iPhoneSimulator.Build.0 = Debug|Any CPU
		{D19342F6-5FBB-4B84-B50A-3D22E7446C66}.Debug|x64.ActiveCfg = Debug|Any CPU
		{D19342F6-5FBB-4B84-B50A-3D22E7446C66}.Debug|x64.Build.0 = Debug|Any CPU
		{D19342F6-5FBB-4B84-B50A-3D22E7446C66}.Debug|x86.ActiveCfg = Debug|Any CPU
		{D19342F6-5FBB-4B84-B50A-3D22E7446C66}.Debug|x86.Build.0 = Debug|Any CPU
		{D19342F6-5FBB-4B84-B50A-3D22E7446C66}.Release|Any CPU.ActiveCfg = Release|Any CPU
		{D19342F6-5FBB-4B84-B50A-3D22E7446C66}.Release|Any CPU.Build.0 = Release|Any CPU
		{D19342F6-5FBB-4B84-B50A-3D22E7446C66}.Release|ARM.ActiveCfg = Release|Any CPU
		{D19342F6-5FBB-4B84-B50A-3D22E7446C66}.Release|ARM.Build.0 = Release|Any CPU
		{D19342F6-5FBB-4B84-B50A-3D22E7446C66}.Release|iPhone.ActiveCfg = Release|Any CPU
		{D19342F6-5FBB-4B84-B50A-3D22E7446C66}.Release|iPhone.Build.0 = Release|Any CPU
		{D19342F6-5FBB-4B84-B50A-3D22E7446C66}.Release|iPhoneSimulator.ActiveCfg = Release|Any CPU
		{D19342F6-5FBB-4B84-B50A-3D22E7446C66}.Release|iPhoneSimulator.Build.0 = Release|Any CPU
		{D19342F6-5FBB-4B84-B50A-3D22E7446C66}.Release|x64.ActiveCfg = Release|Any CPU
		{D19342F6-5FBB-4B84-B50A-3D22E7446C66}.Release|x64.Build.0 = Release|Any CPU
		{D19342F6-5FBB-4B84-B50A-3D22E7446C66}.Release|x86.ActiveCfg = Release|Any CPU
		{D19342F6-5FBB-4B84-B50A-3D22E7446C66}.Release|x86.Build.0 = Release|Any CPU
		{19443852-6D83-415E-A4DC-144FD3D9B156}.Ad-Hoc|Any CPU.ActiveCfg = Release|Any CPU
		{19443852-6D83-415E-A4DC-144FD3D9B156}.Ad-Hoc|Any CPU.Build.0 = Release|Any CPU
		{19443852-6D83-415E-A4DC-144FD3D9B156}.Ad-Hoc|ARM.ActiveCfg = Release|Any CPU
		{19443852-6D83-415E-A4DC-144FD3D9B156}.Ad-Hoc|ARM.Build.0 = Release|Any CPU
		{19443852-6D83-415E-A4DC-144FD3D9B156}.Ad-Hoc|iPhone.ActiveCfg = Release|Any CPU
		{19443852-6D83-415E-A4DC-144FD3D9B156}.Ad-Hoc|iPhone.Build.0 = Release|Any CPU
		{19443852-6D83-415E-A4DC-144FD3D9B156}.Ad-Hoc|iPhoneSimulator.ActiveCfg = Release|Any CPU
		{19443852-6D83-415E-A4DC-144FD3D9B156}.Ad-Hoc|iPhoneSimulator.Build.0 = Release|Any CPU
		{19443852-6D83-415E-A4DC-144FD3D9B156}.Ad-Hoc|x64.ActiveCfg = Release|Any CPU
		{19443852-6D83-415E-A4DC-144FD3D9B156}.Ad-Hoc|x64.Build.0 = Release|Any CPU
		{19443852-6D83-415E-A4DC-144FD3D9B156}.Ad-Hoc|x86.ActiveCfg = Release|Any CPU
		{19443852-6D83-415E-A4DC-144FD3D9B156}.Ad-Hoc|x86.Build.0 = Release|Any CPU
		{19443852-6D83-415E-A4DC-144FD3D9B156}.AppStore|Any CPU.ActiveCfg = Release|Any CPU
		{19443852-6D83-415E-A4DC-144FD3D9B156}.AppStore|Any CPU.Build.0 = Release|Any CPU
		{19443852-6D83-415E-A4DC-144FD3D9B156}.AppStore|ARM.ActiveCfg = Release|Any CPU
		{19443852-6D83-415E-A4DC-144FD3D9B156}.AppStore|ARM.Build.0 = Release|Any CPU
		{19443852-6D83-415E-A4DC-144FD3D9B156}.AppStore|iPhone.ActiveCfg = Release|Any CPU
		{19443852-6D83-415E-A4DC-144FD3D9B156}.AppStore|iPhone.Build.0 = Release|Any CPU
		{19443852-6D83-415E-A4DC-144FD3D9B156}.AppStore|iPhoneSimulator.ActiveCfg = Release|Any CPU
		{19443852-6D83-415E-A4DC-144FD3D9B156}.AppStore|iPhoneSimulator.Build.0 = Release|Any CPU
		{19443852-6D83-415E-A4DC-144FD3D9B156}.AppStore|x64.ActiveCfg = Release|Any CPU
		{19443852-6D83-415E-A4DC-144FD3D9B156}.AppStore|x64.Build.0 = Release|Any CPU
		{19443852-6D83-415E-A4DC-144FD3D9B156}.AppStore|x86.ActiveCfg = Release|Any CPU
		{19443852-6D83-415E-A4DC-144FD3D9B156}.AppStore|x86.Build.0 = Release|Any CPU
		{19443852-6D83-415E-A4DC-144FD3D9B156}.Debug|Any CPU.ActiveCfg = Debug|Any CPU
		{19443852-6D83-415E-A4DC-144FD3D9B156}.Debug|Any CPU.Build.0 = Debug|Any CPU
		{19443852-6D83-415E-A4DC-144FD3D9B156}.Debug|ARM.ActiveCfg = Debug|Any CPU
		{19443852-6D83-415E-A4DC-144FD3D9B156}.Debug|ARM.Build.0 = Debug|Any CPU
		{19443852-6D83-415E-A4DC-144FD3D9B156}.Debug|iPhone.ActiveCfg = Debug|Any CPU
		{19443852-6D83-415E-A4DC-144FD3D9B156}.Debug|iPhone.Build.0 = Debug|Any CPU
		{19443852-6D83-415E-A4DC-144FD3D9B156}.Debug|iPhoneSimulator.ActiveCfg = Debug|Any CPU
		{19443852-6D83-415E-A4DC-144FD3D9B156}.Debug|iPhoneSimulator.Build.0 = Debug|Any CPU
		{19443852-6D83-415E-A4DC-144FD3D9B156}.Debug|x64.ActiveCfg = Debug|Any CPU
		{19443852-6D83-415E-A4DC-144FD3D9B156}.Debug|x64.Build.0 = Debug|Any CPU
		{19443852-6D83-415E-A4DC-144FD3D9B156}.Debug|x86.ActiveCfg = Debug|Any CPU
		{19443852-6D83-415E-A4DC-144FD3D9B156}.Debug|x86.Build.0 = Debug|Any CPU
		{19443852-6D83-415E-A4DC-144FD3D9B156}.Release|Any CPU.ActiveCfg = Release|Any CPU
		{19443852-6D83-415E-A4DC-144FD3D9B156}.Release|Any CPU.Build.0 = Release|Any CPU
		{19443852-6D83-415E-A4DC-144FD3D9B156}.Release|ARM.ActiveCfg = Release|Any CPU
		{19443852-6D83-415E-A4DC-144FD3D9B156}.Release|ARM.Build.0 = Release|Any CPU
		{19443852-6D83-415E-A4DC-144FD3D9B156}.Release|iPhone.ActiveCfg = Release|Any CPU
		{19443852-6D83-415E-A4DC-144FD3D9B156}.Release|iPhone.Build.0 = Release|Any CPU
		{19443852-6D83-415E-A4DC-144FD3D9B156}.Release|iPhoneSimulator.ActiveCfg = Release|Any CPU
		{19443852-6D83-415E-A4DC-144FD3D9B156}.Release|iPhoneSimulator.Build.0 = Release|Any CPU
		{19443852-6D83-415E-A4DC-144FD3D9B156}.Release|x64.ActiveCfg = Release|Any CPU
		{19443852-6D83-415E-A4DC-144FD3D9B156}.Release|x64.Build.0 = Release|Any CPU
		{19443852-6D83-415E-A4DC-144FD3D9B156}.Release|x86.ActiveCfg = Release|Any CPU
		{19443852-6D83-415E-A4DC-144FD3D9B156}.Release|x86.Build.0 = Release|Any CPU
		{C724326E-E411-4F18-87B6-7F47E1A53802}.Ad-Hoc|Any CPU.ActiveCfg = Release|Any CPU
		{C724326E-E411-4F18-87B6-7F47E1A53802}.Ad-Hoc|Any CPU.Build.0 = Release|Any CPU
		{C724326E-E411-4F18-87B6-7F47E1A53802}.Ad-Hoc|ARM.ActiveCfg = Release|Any CPU
		{C724326E-E411-4F18-87B6-7F47E1A53802}.Ad-Hoc|ARM.Build.0 = Release|Any CPU
		{C724326E-E411-4F18-87B6-7F47E1A53802}.Ad-Hoc|iPhone.ActiveCfg = Release|Any CPU
		{C724326E-E411-4F18-87B6-7F47E1A53802}.Ad-Hoc|iPhone.Build.0 = Release|Any CPU
		{C724326E-E411-4F18-87B6-7F47E1A53802}.Ad-Hoc|iPhoneSimulator.ActiveCfg = Release|Any CPU
		{C724326E-E411-4F18-87B6-7F47E1A53802}.Ad-Hoc|iPhoneSimulator.Build.0 = Release|Any CPU
		{C724326E-E411-4F18-87B6-7F47E1A53802}.Ad-Hoc|x64.ActiveCfg = Release|Any CPU
		{C724326E-E411-4F18-87B6-7F47E1A53802}.Ad-Hoc|x64.Build.0 = Release|Any CPU
		{C724326E-E411-4F18-87B6-7F47E1A53802}.Ad-Hoc|x86.ActiveCfg = Release|Any CPU
		{C724326E-E411-4F18-87B6-7F47E1A53802}.Ad-Hoc|x86.Build.0 = Release|Any CPU
		{C724326E-E411-4F18-87B6-7F47E1A53802}.AppStore|Any CPU.ActiveCfg = Release|Any CPU
		{C724326E-E411-4F18-87B6-7F47E1A53802}.AppStore|Any CPU.Build.0 = Release|Any CPU
		{C724326E-E411-4F18-87B6-7F47E1A53802}.AppStore|ARM.ActiveCfg = Release|Any CPU
		{C724326E-E411-4F18-87B6-7F47E1A53802}.AppStore|ARM.Build.0 = Release|Any CPU
		{C724326E-E411-4F18-87B6-7F47E1A53802}.AppStore|iPhone.ActiveCfg = Release|Any CPU
		{C724326E-E411-4F18-87B6-7F47E1A53802}.AppStore|iPhone.Build.0 = Release|Any CPU
		{C724326E-E411-4F18-87B6-7F47E1A53802}.AppStore|iPhoneSimulator.ActiveCfg = Release|Any CPU
		{C724326E-E411-4F18-87B6-7F47E1A53802}.AppStore|iPhoneSimulator.Build.0 = Release|Any CPU
		{C724326E-E411-4F18-87B6-7F47E1A53802}.AppStore|x64.ActiveCfg = Release|Any CPU
		{C724326E-E411-4F18-87B6-7F47E1A53802}.AppStore|x64.Build.0 = Release|Any CPU
		{C724326E-E411-4F18-87B6-7F47E1A53802}.AppStore|x86.ActiveCfg = Release|Any CPU
		{C724326E-E411-4F18-87B6-7F47E1A53802}.AppStore|x86.Build.0 = Release|Any CPU
		{C724326E-E411-4F18-87B6-7F47E1A53802}.Debug|Any CPU.ActiveCfg = Debug|Any CPU
		{C724326E-E411-4F18-87B6-7F47E1A53802}.Debug|Any CPU.Build.0 = Debug|Any CPU
		{C724326E-E411-4F18-87B6-7F47E1A53802}.Debug|ARM.ActiveCfg = Debug|Any CPU
		{C724326E-E411-4F18-87B6-7F47E1A53802}.Debug|ARM.Build.0 = Debug|Any CPU
		{C724326E-E411-4F18-87B6-7F47E1A53802}.Debug|iPhone.ActiveCfg = Debug|Any CPU
		{C724326E-E411-4F18-87B6-7F47E1A53802}.Debug|iPhone.Build.0 = Debug|Any CPU
		{C724326E-E411-4F18-87B6-7F47E1A53802}.Debug|iPhoneSimulator.ActiveCfg = Debug|Any CPU
		{C724326E-E411-4F18-87B6-7F47E1A53802}.Debug|iPhoneSimulator.Build.0 = Debug|Any CPU
		{C724326E-E411-4F18-87B6-7F47E1A53802}.Debug|x64.ActiveCfg = Debug|Any CPU
		{C724326E-E411-4F18-87B6-7F47E1A53802}.Debug|x64.Build.0 = Debug|Any CPU
		{C724326E-E411-4F18-87B6-7F47E1A53802}.Debug|x86.ActiveCfg = Debug|Any CPU
		{C724326E-E411-4F18-87B6-7F47E1A53802}.Debug|x86.Build.0 = Debug|Any CPU
		{C724326E-E411-4F18-87B6-7F47E1A53802}.Release|Any CPU.ActiveCfg = Release|Any CPU
		{C724326E-E411-4F18-87B6-7F47E1A53802}.Release|Any CPU.Build.0 = Release|Any CPU
		{C724326E-E411-4F18-87B6-7F47E1A53802}.Release|ARM.ActiveCfg = Release|Any CPU
		{C724326E-E411-4F18-87B6-7F47E1A53802}.Release|ARM.Build.0 = Release|Any CPU
		{C724326E-E411-4F18-87B6-7F47E1A53802}.Release|iPhone.ActiveCfg = Release|Any CPU
		{C724326E-E411-4F18-87B6-7F47E1A53802}.Release|iPhone.Build.0 = Release|Any CPU
		{C724326E-E411-4F18-87B6-7F47E1A53802}.Release|iPhoneSimulator.ActiveCfg = Release|Any CPU
		{C724326E-E411-4F18-87B6-7F47E1A53802}.Release|iPhoneSimulator.Build.0 = Release|Any CPU
		{C724326E-E411-4F18-87B6-7F47E1A53802}.Release|x64.ActiveCfg = Release|Any CPU
		{C724326E-E411-4F18-87B6-7F47E1A53802}.Release|x64.Build.0 = Release|Any CPU
		{C724326E-E411-4F18-87B6-7F47E1A53802}.Release|x86.ActiveCfg = Release|Any CPU
		{C724326E-E411-4F18-87B6-7F47E1A53802}.Release|x86.Build.0 = Release|Any CPU
		{2DD83231-71CD-4312-AFCD-3CC53E9A6A0B}.Ad-Hoc|Any CPU.ActiveCfg = Release|Any CPU
		{2DD83231-71CD-4312-AFCD-3CC53E9A6A0B}.Ad-Hoc|Any CPU.Build.0 = Release|Any CPU
		{2DD83231-71CD-4312-AFCD-3CC53E9A6A0B}.Ad-Hoc|ARM.ActiveCfg = Release|Any CPU
		{2DD83231-71CD-4312-AFCD-3CC53E9A6A0B}.Ad-Hoc|ARM.Build.0 = Release|Any CPU
		{2DD83231-71CD-4312-AFCD-3CC53E9A6A0B}.Ad-Hoc|iPhone.ActiveCfg = Release|Any CPU
		{2DD83231-71CD-4312-AFCD-3CC53E9A6A0B}.Ad-Hoc|iPhone.Build.0 = Release|Any CPU
		{2DD83231-71CD-4312-AFCD-3CC53E9A6A0B}.Ad-Hoc|iPhoneSimulator.ActiveCfg = Release|Any CPU
		{2DD83231-71CD-4312-AFCD-3CC53E9A6A0B}.Ad-Hoc|iPhoneSimulator.Build.0 = Release|Any CPU
		{2DD83231-71CD-4312-AFCD-3CC53E9A6A0B}.Ad-Hoc|x64.ActiveCfg = Release|Any CPU
		{2DD83231-71CD-4312-AFCD-3CC53E9A6A0B}.Ad-Hoc|x64.Build.0 = Release|Any CPU
		{2DD83231-71CD-4312-AFCD-3CC53E9A6A0B}.Ad-Hoc|x86.ActiveCfg = Release|Any CPU
		{2DD83231-71CD-4312-AFCD-3CC53E9A6A0B}.Ad-Hoc|x86.Build.0 = Release|Any CPU
		{2DD83231-71CD-4312-AFCD-3CC53E9A6A0B}.AppStore|Any CPU.ActiveCfg = Release|Any CPU
		{2DD83231-71CD-4312-AFCD-3CC53E9A6A0B}.AppStore|Any CPU.Build.0 = Release|Any CPU
		{2DD83231-71CD-4312-AFCD-3CC53E9A6A0B}.AppStore|ARM.ActiveCfg = Release|Any CPU
		{2DD83231-71CD-4312-AFCD-3CC53E9A6A0B}.AppStore|ARM.Build.0 = Release|Any CPU
		{2DD83231-71CD-4312-AFCD-3CC53E9A6A0B}.AppStore|iPhone.ActiveCfg = Release|Any CPU
		{2DD83231-71CD-4312-AFCD-3CC53E9A6A0B}.AppStore|iPhone.Build.0 = Release|Any CPU
		{2DD83231-71CD-4312-AFCD-3CC53E9A6A0B}.AppStore|iPhoneSimulator.ActiveCfg = Release|Any CPU
		{2DD83231-71CD-4312-AFCD-3CC53E9A6A0B}.AppStore|iPhoneSimulator.Build.0 = Release|Any CPU
		{2DD83231-71CD-4312-AFCD-3CC53E9A6A0B}.AppStore|x64.ActiveCfg = Release|Any CPU
		{2DD83231-71CD-4312-AFCD-3CC53E9A6A0B}.AppStore|x64.Build.0 = Release|Any CPU
		{2DD83231-71CD-4312-AFCD-3CC53E9A6A0B}.AppStore|x86.ActiveCfg = Release|Any CPU
		{2DD83231-71CD-4312-AFCD-3CC53E9A6A0B}.AppStore|x86.Build.0 = Release|Any CPU
		{2DD83231-71CD-4312-AFCD-3CC53E9A6A0B}.Debug|Any CPU.ActiveCfg = Debug|Any CPU
		{2DD83231-71CD-4312-AFCD-3CC53E9A6A0B}.Debug|Any CPU.Build.0 = Debug|Any CPU
		{2DD83231-71CD-4312-AFCD-3CC53E9A6A0B}.Debug|ARM.ActiveCfg = Debug|Any CPU
		{2DD83231-71CD-4312-AFCD-3CC53E9A6A0B}.Debug|ARM.Build.0 = Debug|Any CPU
		{2DD83231-71CD-4312-AFCD-3CC53E9A6A0B}.Debug|iPhone.ActiveCfg = Debug|Any CPU
		{2DD83231-71CD-4312-AFCD-3CC53E9A6A0B}.Debug|iPhone.Build.0 = Debug|Any CPU
		{2DD83231-71CD-4312-AFCD-3CC53E9A6A0B}.Debug|iPhoneSimulator.ActiveCfg = Debug|Any CPU
		{2DD83231-71CD-4312-AFCD-3CC53E9A6A0B}.Debug|iPhoneSimulator.Build.0 = Debug|Any CPU
		{2DD83231-71CD-4312-AFCD-3CC53E9A6A0B}.Debug|x64.ActiveCfg = Debug|Any CPU
		{2DD83231-71CD-4312-AFCD-3CC53E9A6A0B}.Debug|x64.Build.0 = Debug|Any CPU
		{2DD83231-71CD-4312-AFCD-3CC53E9A6A0B}.Debug|x86.ActiveCfg = Debug|Any CPU
		{2DD83231-71CD-4312-AFCD-3CC53E9A6A0B}.Debug|x86.Build.0 = Debug|Any CPU
		{2DD83231-71CD-4312-AFCD-3CC53E9A6A0B}.Release|Any CPU.ActiveCfg = Release|Any CPU
		{2DD83231-71CD-4312-AFCD-3CC53E9A6A0B}.Release|Any CPU.Build.0 = Release|Any CPU
		{2DD83231-71CD-4312-AFCD-3CC53E9A6A0B}.Release|ARM.ActiveCfg = Release|Any CPU
		{2DD83231-71CD-4312-AFCD-3CC53E9A6A0B}.Release|ARM.Build.0 = Release|Any CPU
		{2DD83231-71CD-4312-AFCD-3CC53E9A6A0B}.Release|iPhone.ActiveCfg = Release|Any CPU
		{2DD83231-71CD-4312-AFCD-3CC53E9A6A0B}.Release|iPhone.Build.0 = Release|Any CPU
		{2DD83231-71CD-4312-AFCD-3CC53E9A6A0B}.Release|iPhoneSimulator.ActiveCfg = Release|Any CPU
		{2DD83231-71CD-4312-AFCD-3CC53E9A6A0B}.Release|iPhoneSimulator.Build.0 = Release|Any CPU
		{2DD83231-71CD-4312-AFCD-3CC53E9A6A0B}.Release|x64.ActiveCfg = Release|Any CPU
		{2DD83231-71CD-4312-AFCD-3CC53E9A6A0B}.Release|x64.Build.0 = Release|Any CPU
		{2DD83231-71CD-4312-AFCD-3CC53E9A6A0B}.Release|x86.ActiveCfg = Release|Any CPU
		{2DD83231-71CD-4312-AFCD-3CC53E9A6A0B}.Release|x86.Build.0 = Release|Any CPU
	EndGlobalSection
	GlobalSection(SolutionProperties) = preSolution
		HideSolutionNode = FALSE
	EndGlobalSection
	GlobalSection(ExtensibilityGlobals) = postSolution
		SolutionGuid = {6D9561AA-77AE-4D8D-8EE0-84511CF6A87A}
	EndGlobalSection
EndGlobal
